
Microsoft Visual Studio Solution File, Format Version 12.00
# Visual Studio Version 16
VisualStudioVersion = 16.0.33801.447
MinimumVisualStudioVersion = 10.0.40219.1
Project("{FAE04EC0-301F-11D3-BF4B-00C04F79EFBC}") = "PolymorphismAssignment", "PolymorphismAssignment\PolymorphismAssignment.csproj", "{C82FECCB-158F-47FE-BA30-C3C23199D7C3}"
EndProject
Global
	GlobalSection(SolutionConfigurationPlatforms) = preSolution
		Debug|Any CPU = Debug|Any CPU
		Release|Any CPU = Release|Any CPU
	EndGlobalSection
	GlobalSection(ProjectConfigurationPlatforms) = postSolution
		{C82FECCB-158F-47FE-BA30-C3C23199D7C3}.Debug|Any CPU.ActiveCfg = Debug|Any CPU
		{C82FECCB-158F-47FE-BA30-C3C23199D7C3}.Debug|Any CPU.Build.0 = Debug|Any CPU
		{C82FECCB-158F-47FE-BA30-C3C23199D7C3}.Release|Any CPU.ActiveCfg = Release|Any CPU
		{C82FECCB-158F-47FE-BA30-C3C23199D7C3}.Release|Any CPU.Build.0 = Release|Any CPU
	EndGlobalSection
	GlobalSection(SolutionProperties) = preSolution
		HideSolutionNode = FALSE
	EndGlobalSection
	GlobalSection(ExtensibilityGlobals) = postSolution
		SolutionGuid = {F8046DE3-9EB6-45EE-A7C2-AFA70F4FB1F8}
	EndGlobalSection
EndGlobal
